
Microsoft Visual Studio Solution File, Format Version 12.00
# Visual Studio 2013
VisualStudioVersion = 12.0.31101.0
MinimumVisualStudioVersion = 10.0.40219.1
Project("{FAE04EC0-301F-11D3-BF4B-00C04F79EFBC}") = "GrowingTree", "GrowingTree\GrowingTree.csproj", "{B94B0CD7-94DF-4DC0-B192-5F46884A3952}"
EndProject
Project("{FAE04EC0-301F-11D3-BF4B-00C04F79EFBC}") = "PrettyPictures", "PrettyPictures\PrettyPictures.csproj", "{75B9D857-432D-4304-AA42-3CC2EAA8E87C}"
EndProject
Project("{FAE04EC0-301F-11D3-BF4B-00C04F79EFBC}") = "GameEngine", "GameEngine\GameEngine.csproj", "{6B65F055-AC52-4062-AB49-22CDF598333A}"
EndProject
Project("{FAE04EC0-301F-11D3-BF4B-00C04F79EFBC}") = "GameEngineConsole", "GameEngineConsole\GameEngineConsole.csproj", "{B058FDC2-C2E9-47D7-A2D1-A611114D3703}"
EndProject
Global
	GlobalSection(SolutionConfigurationPlatforms) = preSolution
		Debug|Any CPU = Debug|Any CPU
		Release|Any CPU = Release|Any CPU
	EndGlobalSection
	GlobalSection(ProjectConfigurationPlatforms) = postSolution
		{B94B0CD7-94DF-4DC0-B192-5F46884A3952}.Debug|Any CPU.ActiveCfg = Debug|Any CPU
		{B94B0CD7-94DF-4DC0-B192-5F46884A3952}.Debug|Any CPU.Build.0 = Debug|Any CPU
		{B94B0CD7-94DF-4DC0-B192-5F46884A3952}.Release|Any CPU.ActiveCfg = Release|Any CPU
		{B94B0CD7-94DF-4DC0-B192-5F46884A3952}.Release|Any CPU.Build.0 = Release|Any CPU
		{75B9D857-432D-4304-AA42-3CC2EAA8E87C}.Debug|Any CPU.ActiveCfg = Debug|Any CPU
		{75B9D857-432D-4304-AA42-3CC2EAA8E87C}.Debug|Any CPU.Build.0 = Debug|Any CPU
		{75B9D857-432D-4304-AA42-3CC2EAA8E87C}.Release|Any CPU.ActiveCfg = Release|Any CPU
		{75B9D857-432D-4304-AA42-3CC2EAA8E87C}.Release|Any CPU.Build.0 = Release|Any CPU
		{6B65F055-AC52-4062-AB49-22CDF598333A}.Debug|Any CPU.ActiveCfg = Debug|Any CPU
		{6B65F055-AC52-4062-AB49-22CDF598333A}.Debug|Any CPU.Build.0 = Debug|Any CPU
		{6B65F055-AC52-4062-AB49-22CDF598333A}.Release|Any CPU.ActiveCfg = Release|Any CPU
		{6B65F055-AC52-4062-AB49-22CDF598333A}.Release|Any CPU.Build.0 = Release|Any CPU
		{B058FDC2-C2E9-47D7-A2D1-A611114D3703}.Debug|Any CPU.ActiveCfg = Debug|Any CPU
		{B058FDC2-C2E9-47D7-A2D1-A611114D3703}.Debug|Any CPU.Build.0 = Debug|Any CPU
		{B058FDC2-C2E9-47D7-A2D1-A611114D3703}.Release|Any CPU.ActiveCfg = Release|Any CPU
		{B058FDC2-C2E9-47D7-A2D1-A611114D3703}.Release|Any CPU.Build.0 = Release|Any CPU
	EndGlobalSection
	GlobalSection(SolutionProperties) = preSolution
		HideSolutionNode = FALSE
	EndGlobalSection
EndGlobal
